
Microsoft Visual Studio Solution File, Format Version 12.00
# Visual Studio Version 17
VisualStudioVersion = 17.5.33502.453
MinimumVisualStudioVersion = 10.0.40219.1
Project("{2150E333-8FDC-42A3-9474-1A3956D46DE8}") = "Solution Items", "Solution Items", "{7B0C89DB-6729-4CE1-96A1-9E5B3780F40F}"
	ProjectSection(SolutionItems) = preProject
		.editorconfig = .editorconfig
		.gitignore = .gitignore
		LICENSE.txt = LICENSE.txt
		README.md = README.md
	EndProjectSection
EndProject
Project("{9A19103F-16F7-4668-BE54-9A1E7A4F7556}") = "Butler.Collections", "Butler.Collections\Butler.Collections.csproj", "{8251D188-78D6-4A4B-83CD-DB517A71967E}"
EndProject
Project("{9A19103F-16F7-4668-BE54-9A1E7A4F7556}") = "Butler.Tests.Collections", "Butler.Tests.Collections\Butler.Tests.Collections.csproj", "{D0128623-4841-4E5B-BFDA-21E79DA50665}"
EndProject
Project("{9A19103F-16F7-4668-BE54-9A1E7A4F7556}") = "Butler.Internals.Tests", "Butler.Internals.Tests\Butler.Internals.Tests.csproj", "{387923D0-0351-41F9-834B-12EFADFDD661}"
EndProject
Project("{9A19103F-16F7-4668-BE54-9A1E7A4F7556}") = "Butler.Internals.Generators.Tests", "Butler.Internals.Generators.Tests\Butler.Internals.Generators.Tests.csproj", "{48323C36-931A-4F58-861A-784E32868BF8}"
EndProject
Project("{FAE04EC0-301F-11D3-BF4B-00C04F79EFBC}") = "Butler.Internals.Generators", "Butler.Internals.Generators\Butler.Internals.Generators.csproj", "{E47FF25A-61F8-4C07-A2CF-AA03331E75C4}"
EndProject
Project("{FAE04EC0-301F-11D3-BF4B-00C04F79EFBC}") = "Butler.Tests.Internals", "Butler.Tests.Internals\Butler.Tests.Internals.csproj", "{1A964E09-5FE7-4DF0-8913-DF7794E9CDC2}"
EndProject
Global
	GlobalSection(SolutionConfigurationPlatforms) = preSolution
		Debug|Any CPU = Debug|Any CPU
		Release|Any CPU = Release|Any CPU
	EndGlobalSection
	GlobalSection(ProjectConfigurationPlatforms) = postSolution
		{8251D188-78D6-4A4B-83CD-DB517A71967E}.Debug|Any CPU.ActiveCfg = Debug|Any CPU
		{8251D188-78D6-4A4B-83CD-DB517A71967E}.Debug|Any CPU.Build.0 = Debug|Any CPU
		{8251D188-78D6-4A4B-83CD-DB517A71967E}.Release|Any CPU.ActiveCfg = Release|Any CPU
		{8251D188-78D6-4A4B-83CD-DB517A71967E}.Release|Any CPU.Build.0 = Release|Any CPU
		{D0128623-4841-4E5B-BFDA-21E79DA50665}.Debug|Any CPU.ActiveCfg = Debug|Any CPU
		{D0128623-4841-4E5B-BFDA-21E79DA50665}.Debug|Any CPU.Build.0 = Debug|Any CPU
		{D0128623-4841-4E5B-BFDA-21E79DA50665}.Release|Any CPU.ActiveCfg = Release|Any CPU
		{D0128623-4841-4E5B-BFDA-21E79DA50665}.Release|Any CPU.Build.0 = Release|Any CPU
		{387923D0-0351-41F9-834B-12EFADFDD661}.Debug|Any CPU.ActiveCfg = Debug|Any CPU
		{387923D0-0351-41F9-834B-12EFADFDD661}.Debug|Any CPU.Build.0 = Debug|Any CPU
		{387923D0-0351-41F9-834B-12EFADFDD661}.Release|Any CPU.ActiveCfg = Release|Any CPU
		{387923D0-0351-41F9-834B-12EFADFDD661}.Release|Any CPU.Build.0 = Release|Any CPU
		{48323C36-931A-4F58-861A-784E32868BF8}.Debug|Any CPU.ActiveCfg = Debug|Any CPU
		{48323C36-931A-4F58-861A-784E32868BF8}.Debug|Any CPU.Build.0 = Debug|Any CPU
		{48323C36-931A-4F58-861A-784E32868BF8}.Release|Any CPU.ActiveCfg = Release|Any CPU
		{48323C36-931A-4F58-861A-784E32868BF8}.Release|Any CPU.Build.0 = Release|Any CPU
		{E47FF25A-61F8-4C07-A2CF-AA03331E75C4}.Debug|Any CPU.ActiveCfg = Debug|Any CPU
		{E47FF25A-61F8-4C07-A2CF-AA03331E75C4}.Debug|Any CPU.Build.0 = Debug|Any CPU
		{E47FF25A-61F8-4C07-A2CF-AA03331E75C4}.Release|Any CPU.ActiveCfg = Release|Any CPU
		{E47FF25A-61F8-4C07-A2CF-AA03331E75C4}.Release|Any CPU.Build.0 = Release|Any CPU
		{1A964E09-5FE7-4DF0-8913-DF7794E9CDC2}.Debug|Any CPU.ActiveCfg = Debug|Any CPU
		{1A964E09-5FE7-4DF0-8913-DF7794E9CDC2}.Debug|Any CPU.Build.0 = Debug|Any CPU
		{1A964E09-5FE7-4DF0-8913-DF7794E9CDC2}.Release|Any CPU.ActiveCfg = Release|Any CPU
		{1A964E09-5FE7-4DF0-8913-DF7794E9CDC2}.Release|Any CPU.Build.0 = Release|Any CPU
	EndGlobalSection
	GlobalSection(SolutionProperties) = preSolution
		HideSolutionNode = FALSE
	EndGlobalSection
	GlobalSection(ExtensibilityGlobals) = postSolution
		SolutionGuid = {3ED7683D-10A2-4D20-93BB-95F1B165E619}
	EndGlobalSection
EndGlobal
